Microsoft Visual Studio Solution File, Format Version 12.00
# Visual Studio 15
VisualStudioVersion = 15.0.26430.16
MinimumVisualStudioVersion = 10.0.40219.1
Project("{FAE04EC0-301F-11D3-BF4B-00C04F79EFBC}") = "Lidgren.Network", "Lidgren.Network\Lidgren.Network.csproj", "{59250BAF-0000-0000-0000-000000000000}"
EndProject
Project("{FAE04EC0-301F-11D3-BF4B-00C04F79EFBC}") = "SS14.Client", "SS14.Client\SS14.Client.csproj", "{0C31DFDF-0000-0000-0000-000000000000}"
EndProject
Project("{FAE04EC0-301F-11D3-BF4B-00C04F79EFBC}") = "SS14.Server", "SS14.Server\SS14.Server.csproj", "{B04AAE71-0000-0000-0000-000000000000}"
EndProject
Project("{FAE04EC0-301F-11D3-BF4B-00C04F79EFBC}") = "SS14.Shared", "SS14.Shared\SS14.Shared.csproj", "{0529F740-0000-0000-0000-000000000000}"
EndProject
Project("{FAE04EC0-301F-11D3-BF4B-00C04F79EFBC}") = "SS14.Client.Graphics", "SS14.Client.Graphics\SS14.Client.Graphics.csproj", "{302B877E-0000-0000-0000-000000000000}"
EndProject
Project("{FAE04EC0-301F-11D3-BF4B-00C04F79EFBC}") = "SS14.UnitTesting", "SS14.UnitTesting\SS14.UnitTesting.csproj", "{F0ADA779-40B8-4F7E-BA6C-CDB19F3065D9}"
EndProject
Project("{FAE04EC0-301F-11D3-BF4B-00C04F79EFBC}") = "BuildChecker", "BuildChecker\BuildChecker.csproj", "{D0DA124B-5580-4345-A02B-9F051F78915F}"
EndProject
Project("{2150E333-8FDC-42A3-9474-1A3956D46DE8}") = "Robust", "Robust", "{600F7C3B-7142-4EEF-BE13-824BC4548D0D}"
EndProject
Project("{2150E333-8FDC-42A3-9474-1A3956D46DE8}") = "Build", "Build", "{795D76AB-19B5-4682-B51F-6DB148024A0C}"
EndProject
Project("{FAE04EC0-301F-11D3-BF4B-00C04F79EFBC}") = "RobustEngine", "RobustEngine\RobustEngine.csproj", "{82EA1C6F-B173-4A0D-86B0-66A90534B45D}"
EndProject
Global
	GlobalSection(SolutionConfigurationPlatforms) = preSolution
		Debug|x86 = Debug|x86
		Release|x86 = Release|x86
	EndGlobalSection
	GlobalSection(ProjectConfigurationPlatforms) = postSolution
		{59250BAF-0000-0000-0000-000000000000}.Debug|x86.ActiveCfg = Debug|x86
		{59250BAF-0000-0000-0000-000000000000}.Debug|x86.Build.0 = Debug|x86
		{59250BAF-0000-0000-0000-000000000000}.Release|x86.ActiveCfg = Release|x86
		{59250BAF-0000-0000-0000-000000000000}.Release|x86.Build.0 = Release|x86
		{0C31DFDF-0000-0000-0000-000000000000}.Debug|x86.ActiveCfg = Debug|x86
		{0C31DFDF-0000-0000-0000-000000000000}.Debug|x86.Build.0 = Debug|x86
		{0C31DFDF-0000-0000-0000-000000000000}.Release|x86.ActiveCfg = Release|x86
		{0C31DFDF-0000-0000-0000-000000000000}.Release|x86.Build.0 = Release|x86
		{B04AAE71-0000-0000-0000-000000000000}.Debug|x86.ActiveCfg = Debug|x86
		{B04AAE71-0000-0000-0000-000000000000}.Debug|x86.Build.0 = Debug|x86
		{B04AAE71-0000-0000-0000-000000000000}.Release|x86.ActiveCfg = Release|x86
		{B04AAE71-0000-0000-0000-000000000000}.Release|x86.Build.0 = Release|x86
		{0529F740-0000-0000-0000-000000000000}.Debug|x86.ActiveCfg = Debug|x86
		{0529F740-0000-0000-0000-000000000000}.Debug|x86.Build.0 = Debug|x86
		{0529F740-0000-0000-0000-000000000000}.Release|x86.ActiveCfg = Release|x86
		{0529F740-0000-0000-0000-000000000000}.Release|x86.Build.0 = Release|x86
		{302B877E-0000-0000-0000-000000000000}.Debug|x86.ActiveCfg = Debug|x86
		{302B877E-0000-0000-0000-000000000000}.Debug|x86.Build.0 = Debug|x86
		{302B877E-0000-0000-0000-000000000000}.Release|x86.ActiveCfg = Release|x86
		{302B877E-0000-0000-0000-000000000000}.Release|x86.Build.0 = Release|x86
		{F0ADA779-40B8-4F7E-BA6C-CDB19F3065D9}.Debug|x86.ActiveCfg = Debug|x86
		{F0ADA779-40B8-4F7E-BA6C-CDB19F3065D9}.Debug|x86.Build.0 = Debug|x86
		{F0ADA779-40B8-4F7E-BA6C-CDB19F3065D9}.Release|x86.ActiveCfg = Release|x86
		{F0ADA779-40B8-4F7E-BA6C-CDB19F3065D9}.Release|x86.Build.0 = Release|x86
		{D0DA124B-5580-4345-A02B-9F051F78915F}.Debug|x86.ActiveCfg = Debug|x86
		{D0DA124B-5580-4345-A02B-9F051F78915F}.Debug|x86.Build.0 = Debug|x86
		{D0DA124B-5580-4345-A02B-9F051F78915F}.Release|x86.ActiveCfg = Debug|x86
		{D0DA124B-5580-4345-A02B-9F051F78915F}.Release|x86.Build.0 = Debug|x86
		{82EA1C6F-B173-4A0D-86B0-66A90534B45D}.Debug|x86.ActiveCfg = Debug|Any CPU
		{82EA1C6F-B173-4A0D-86B0-66A90534B45D}.Debug|x86.Build.0 = Debug|Any CPU
		{82EA1C6F-B173-4A0D-86B0-66A90534B45D}.Release|x86.ActiveCfg = Release|Any CPU
		{82EA1C6F-B173-4A0D-86B0-66A90534B45D}.Release|x86.Build.0 = Release|Any CPU
	EndGlobalSection
	GlobalSection(SolutionProperties) = preSolution
		HideSolutionNode = FALSE
	EndGlobalSection
	GlobalSection(NestedProjects) = preSolution
		{D0DA124B-5580-4345-A02B-9F051F78915F} = {795D76AB-19B5-4682-B51F-6DB148024A0C}
		{82EA1C6F-B173-4A0D-86B0-66A90534B45D} = {600F7C3B-7142-4EEF-BE13-824BC4548D0D}
	EndGlobalSection
	GlobalSection(Performance) = preSolution
		HasPerformanceSessions = true
	EndGlobalSection
	GlobalSection(MonoDevelopProperties) = preSolution
		Policies = $0
		$0.DotNetNamingPolicy = $1
		$0.TextStylePolicy = $9
	EndGlobalSection
EndGlobal
